
Microsoft Visual Studio Solution File, Format Version 12.00
# Visual Studio Version 17
VisualStudioVersion = 17.12.35707.178 d17.12
MinimumVisualStudioVersion = 10.0.40219.1
Project("{FAE04EC0-301F-11D3-BF4B-00C04F79EFBC}") = "EmployeeLeaveManagementSystem", "EmployeeLeaveManagementSystem.csproj", "{7969C3AF-D21B-4B81-BF1B-9FF77D5F92A9}"
EndProject
Project("{FAE04EC0-301F-11D3-BF4B-00C04F79EFBC}") = "WebAPIVendorProject", "..\WebAPIVendorProject\WebAPIVendorProject.csproj", "{16592D94-FA86-4173-ADB6-6D0647DA82A0}"
EndProject
Global
	GlobalSection(SolutionConfigurationPlatforms) = preSolution
		Debug|Any CPU = Debug|Any CPU
		Release|Any CPU = Release|Any CPU
	EndGlobalSection
	GlobalSection(ProjectConfigurationPlatforms) = postSolution
		{7969C3AF-D21B-4B81-BF1B-9FF77D5F92A9}.Debug|Any CPU.ActiveCfg = Debug|Any CPU
		{7969C3AF-D21B-4B81-BF1B-9FF77D5F92A9}.Debug|Any CPU.Build.0 = Debug|Any CPU
		{7969C3AF-D21B-4B81-BF1B-9FF77D5F92A9}.Release|Any CPU.ActiveCfg = Release|Any CPU
		{7969C3AF-D21B-4B81-BF1B-9FF77D5F92A9}.Release|Any CPU.Build.0 = Release|Any CPU
		{16592D94-FA86-4173-ADB6-6D0647DA82A0}.Debug|Any CPU.ActiveCfg = Debug|Any CPU
		{16592D94-FA86-4173-ADB6-6D0647DA82A0}.Debug|Any CPU.Build.0 = Debug|Any CPU
		{16592D94-FA86-4173-ADB6-6D0647DA82A0}.Release|Any CPU.ActiveCfg = Release|Any CPU
		{16592D94-FA86-4173-ADB6-6D0647DA82A0}.Release|Any CPU.Build.0 = Release|Any CPU
	EndGlobalSection
	GlobalSection(SolutionProperties) = preSolution
		HideSolutionNode = FALSE
	EndGlobalSection
EndGlobal
